
Microsoft Visual Studio Solution File, Format Version 12.00
# Visual Studio 2013
VisualStudioVersion = 12.0.30501.0
MinimumVisualStudioVersion = 10.0.40219.1
Project("{FAE04EC0-301F-11D3-BF4B-00C04F79EFBC}") = "Notifier", "Notifier\Notifier.csproj", "{2382DD05-D966-491C-B125-BEDC0EB3258E}"
EndProject
Project("{FAE04EC0-301F-11D3-BF4B-00C04F79EFBC}") = "TestHelper", "TestHelper\TestHelper.csproj", "{A708C958-40D1-478A-850F-B2C0ECEDAA89}"
EndProject
Project("{FAE04EC0-301F-11D3-BF4B-00C04F79EFBC}") = "GuarderExcel", "GuarderExcel\GuarderExcel.csproj", "{3537EEC3-F7A3-44D5-B9AF-CAF48A33ADB9}"
EndProject
Project("{FAE04EC0-301F-11D3-BF4B-00C04F79EFBC}") = "Guarder", "Guarder\Guarder.csproj", "{F6260AE3-6EF8-4BAC-B0D8-5659A6C71851}"
EndProject
Project("{FAE04EC0-301F-11D3-BF4B-00C04F79EFBC}") = "SimulatePosID", "SimulatePosID\SimulatePosID.csproj", "{DBBD1A86-7DEB-428E-A7FA-9221869A0D32}"
EndProject
Project("{FAE04EC0-301F-11D3-BF4B-00C04F79EFBC}") = "GuarderBuffy", "GuarderBuffy\GuarderBuffy.csproj", "{15098EC2-ED53-4AB5-AAFE-A294A2DD6D42}"
EndProject
Global
	GlobalSection(SolutionConfigurationPlatforms) = preSolution
		Debug|Any CPU = Debug|Any CPU
		Debug|Mixed Platforms = Debug|Mixed Platforms
		Debug|x86 = Debug|x86
		Release|Any CPU = Release|Any CPU
		Release|Mixed Platforms = Release|Mixed Platforms
		Release|x86 = Release|x86
	EndGlobalSection
	GlobalSection(ProjectConfigurationPlatforms) = postSolution
		{2382DD05-D966-491C-B125-BEDC0EB3258E}.Debug|Any CPU.ActiveCfg = Debug|x86
		{2382DD05-D966-491C-B125-BEDC0EB3258E}.Debug|Mixed Platforms.ActiveCfg = Debug|x86
		{2382DD05-D966-491C-B125-BEDC0EB3258E}.Debug|Mixed Platforms.Build.0 = Debug|x86
		{2382DD05-D966-491C-B125-BEDC0EB3258E}.Debug|x86.ActiveCfg = Debug|x86
		{2382DD05-D966-491C-B125-BEDC0EB3258E}.Debug|x86.Build.0 = Debug|x86
		{2382DD05-D966-491C-B125-BEDC0EB3258E}.Release|Any CPU.ActiveCfg = Release|x86
		{2382DD05-D966-491C-B125-BEDC0EB3258E}.Release|Mixed Platforms.ActiveCfg = Release|x86
		{2382DD05-D966-491C-B125-BEDC0EB3258E}.Release|Mixed Platforms.Build.0 = Release|x86
		{2382DD05-D966-491C-B125-BEDC0EB3258E}.Release|x86.ActiveCfg = Release|x86
		{2382DD05-D966-491C-B125-BEDC0EB3258E}.Release|x86.Build.0 = Release|x86
		{A708C958-40D1-478A-850F-B2C0ECEDAA89}.Debug|Any CPU.ActiveCfg = Debug|Any CPU
		{A708C958-40D1-478A-850F-B2C0ECEDAA89}.Debug|Any CPU.Build.0 = Debug|Any CPU
		{A708C958-40D1-478A-850F-B2C0ECEDAA89}.Debug|Mixed Platforms.ActiveCfg = Debug|Any CPU
		{A708C958-40D1-478A-850F-B2C0ECEDAA89}.Debug|Mixed Platforms.Build.0 = Debug|Any CPU
		{A708C958-40D1-478A-850F-B2C0ECEDAA89}.Debug|x86.ActiveCfg = Debug|Any CPU
		{A708C958-40D1-478A-850F-B2C0ECEDAA89}.Release|Any CPU.ActiveCfg = Release|Any CPU
		{A708C958-40D1-478A-850F-B2C0ECEDAA89}.Release|Any CPU.Build.0 = Release|Any CPU
		{A708C958-40D1-478A-850F-B2C0ECEDAA89}.Release|Mixed Platforms.ActiveCfg = Release|Any CPU
		{A708C958-40D1-478A-850F-B2C0ECEDAA89}.Release|Mixed Platforms.Build.0 = Release|Any CPU
		{A708C958-40D1-478A-850F-B2C0ECEDAA89}.Release|x86.ActiveCfg = Release|Any CPU
		{3537EEC3-F7A3-44D5-B9AF-CAF48A33ADB9}.Debug|Any CPU.ActiveCfg = Debug|Any CPU
		{3537EEC3-F7A3-44D5-B9AF-CAF48A33ADB9}.Debug|Any CPU.Build.0 = Debug|Any CPU
		{3537EEC3-F7A3-44D5-B9AF-CAF48A33ADB9}.Debug|Mixed Platforms.ActiveCfg = Debug|Any CPU
		{3537EEC3-F7A3-44D5-B9AF-CAF48A33ADB9}.Debug|Mixed Platforms.Build.0 = Debug|Any CPU
		{3537EEC3-F7A3-44D5-B9AF-CAF48A33ADB9}.Debug|x86.ActiveCfg = Debug|Any CPU
		{3537EEC3-F7A3-44D5-B9AF-CAF48A33ADB9}.Release|Any CPU.ActiveCfg = Release|Any CPU
		{3537EEC3-F7A3-44D5-B9AF-CAF48A33ADB9}.Release|Any CPU.Build.0 = Release|Any CPU
		{3537EEC3-F7A3-44D5-B9AF-CAF48A33ADB9}.Release|Mixed Platforms.ActiveCfg = Release|Any CPU
		{3537EEC3-F7A3-44D5-B9AF-CAF48A33ADB9}.Release|Mixed Platforms.Build.0 = Release|Any CPU
		{3537EEC3-F7A3-44D5-B9AF-CAF48A33ADB9}.Release|x86.ActiveCfg = Release|Any CPU
		{F6260AE3-6EF8-4BAC-B0D8-5659A6C71851}.Debug|Any CPU.ActiveCfg = Debug|Any CPU
		{F6260AE3-6EF8-4BAC-B0D8-5659A6C71851}.Debug|Any CPU.Build.0 = Debug|Any CPU
		{F6260AE3-6EF8-4BAC-B0D8-5659A6C71851}.Debug|Mixed Platforms.ActiveCfg = Debug|Any CPU
		{F6260AE3-6EF8-4BAC-B0D8-5659A6C71851}.Debug|Mixed Platforms.Build.0 = Debug|Any CPU
		{F6260AE3-6EF8-4BAC-B0D8-5659A6C71851}.Debug|x86.ActiveCfg = Debug|Any CPU
		{F6260AE3-6EF8-4BAC-B0D8-5659A6C71851}.Release|Any CPU.ActiveCfg = Release|Any CPU
		{F6260AE3-6EF8-4BAC-B0D8-5659A6C71851}.Release|Any CPU.Build.0 = Release|Any CPU
		{F6260AE3-6EF8-4BAC-B0D8-5659A6C71851}.Release|Mixed Platforms.ActiveCfg = Release|Any CPU
		{F6260AE3-6EF8-4BAC-B0D8-5659A6C71851}.Release|Mixed Platforms.Build.0 = Release|Any CPU
		{F6260AE3-6EF8-4BAC-B0D8-5659A6C71851}.Release|x86.ActiveCfg = Release|Any CPU
		{DBBD1A86-7DEB-428E-A7FA-9221869A0D32}.Debug|Any CPU.ActiveCfg = Debug|Any CPU
		{DBBD1A86-7DEB-428E-A7FA-9221869A0D32}.Debug|Any CPU.Build.0 = Debug|Any CPU
		{DBBD1A86-7DEB-428E-A7FA-9221869A0D32}.Debug|Mixed Platforms.ActiveCfg = Debug|Any CPU
		{DBBD1A86-7DEB-428E-A7FA-9221869A0D32}.Debug|Mixed Platforms.Build.0 = Debug|Any CPU
		{DBBD1A86-7DEB-428E-A7FA-9221869A0D32}.Debug|x86.ActiveCfg = Debug|Any CPU
		{DBBD1A86-7DEB-428E-A7FA-9221869A0D32}.Release|Any CPU.ActiveCfg = Release|Any CPU
		{DBBD1A86-7DEB-428E-A7FA-9221869A0D32}.Release|Any CPU.Build.0 = Release|Any CPU
		{DBBD1A86-7DEB-428E-A7FA-9221869A0D32}.Release|Mixed Platforms.ActiveCfg = Release|Any CPU
		{DBBD1A86-7DEB-428E-A7FA-9221869A0D32}.Release|Mixed Platforms.Build.0 = Release|Any CPU
		{DBBD1A86-7DEB-428E-A7FA-9221869A0D32}.Release|x86.ActiveCfg = Release|Any CPU
		{15098EC2-ED53-4AB5-AAFE-A294A2DD6D42}.Debug|Any CPU.ActiveCfg = Debug|Any CPU
		{15098EC2-ED53-4AB5-AAFE-A294A2DD6D42}.Debug|Any CPU.Build.0 = Debug|Any CPU
		{15098EC2-ED53-4AB5-AAFE-A294A2DD6D42}.Debug|Mixed Platforms.ActiveCfg = Debug|Any CPU
		{15098EC2-ED53-4AB5-AAFE-A294A2DD6D42}.Debug|Mixed Platforms.Build.0 = Debug|Any CPU
		{15098EC2-ED53-4AB5-AAFE-A294A2DD6D42}.Debug|x86.ActiveCfg = Debug|Any CPU
		{15098EC2-ED53-4AB5-AAFE-A294A2DD6D42}.Release|Any CPU.ActiveCfg = Release|Any CPU
		{15098EC2-ED53-4AB5-AAFE-A294A2DD6D42}.Release|Any CPU.Build.0 = Release|Any CPU
		{15098EC2-ED53-4AB5-AAFE-A294A2DD6D42}.Release|Mixed Platforms.ActiveCfg = Release|Any CPU
		{15098EC2-ED53-4AB5-AAFE-A294A2DD6D42}.Release|Mixed Platforms.Build.0 = Release|Any CPU
		{15098EC2-ED53-4AB5-AAFE-A294A2DD6D42}.Release|x86.ActiveCfg = Release|Any CPU
	EndGlobalSection
	GlobalSection(SolutionProperties) = preSolution
		HideSolutionNode = FALSE
	EndGlobalSection
EndGlobal
